// !$*UTF8*$!
{
	archiveVersion = 1;
	classes = {
	};
	objectVersion = 56;
	objects = {

/* Begin PBXBuildFile section */
		8B009EA82B35E45000D3ACFB /* AlertBootcamp.swift in Sources */ = {isa = PBXBuildFile; fileRef = 8B009EA72B35E45000D3ACFB /* AlertBootcamp.swift */; };
		8B009EAA2B35EDD500D3ACFB /* ActionSheetBootcamp.swift in Sources */ = {isa = PBXBuildFile; fileRef = 8B009EA92B35EDD500D3ACFB /* ActionSheetBootcamp.swift */; };
		8B0A01832B44B70D00F3D1B4 /* TapGestureBootcamp.swift in Sources */ = {isa = PBXBuildFile; fileRef = 8B0A01822B44B70D00F3D1B4 /* TapGestureBootcamp.swift */; };
		8B33ABDE2B2E3B20008F10D5 /* TransitionBootcamp.swift in Sources */ = {isa = PBXBuildFile; fileRef = 8B33ABDD2B2E3B20008F10D5 /* TransitionBootcamp.swift */; };
		8B33ABE02B2E4509008F10D5 /* PopupBootcamp.swift in Sources */ = {isa = PBXBuildFile; fileRef = 8B33ABDF2B2E4509008F10D5 /* PopupBootcamp.swift */; };
		8B39054C2B2A4CF700D1FB4F /* GradientsBootcamp.swift in Sources */ = {isa = PBXBuildFile; fileRef = 8B39054B2B2A4CF700D1FB4F /* GradientsBootcamp.swift */; };
		8B39054E2B2A51CC00D1FB4F /* IconsBootcamp.swift in Sources */ = {isa = PBXBuildFile; fileRef = 8B39054D2B2A51CC00D1FB4F /* IconsBootcamp.swift */; };
		8B3905502B2A550700D1FB4F /* ImageBootcamp.swift in Sources */ = {isa = PBXBuildFile; fileRef = 8B39054F2B2A550700D1FB4F /* ImageBootcamp.swift */; };
		8B3905522B2A5C9600D1FB4F /* FrameBootcamp.swift in Sources */ = {isa = PBXBuildFile; fileRef = 8B3905512B2A5C9600D1FB4F /* FrameBootcamp.swift */; };
		8B3905542B2A606200D1FB4F /* BackgroundAndOverlaysBootcamp.swift in Sources */ = {isa = PBXBuildFile; fileRef = 8B3905532B2A606200D1FB4F /* BackgroundAndOverlaysBootcamp.swift */; };
		8B421F702B3C5D7C00DD310F /* DocumentationBootcamp.swift in Sources */ = {isa = PBXBuildFile; fileRef = 8B421F6F2B3C5D7C00DD310F /* DocumentationBootcamp.swift */; };
		8B421F722B3C650D00DD310F /* OnAppearBootcamp.swift in Sources */ = {isa = PBXBuildFile; fileRef = 8B421F712B3C650D00DD310F /* OnAppearBootcamp.swift */; };
		8B44B5BD2B2DB9AF001B6D91 /* ConditionalBootcamp.swift in Sources */ = {isa = PBXBuildFile; fileRef = 8B44B5BC2B2DB9AF001B6D91 /* ConditionalBootcamp.swift */; };
		8B4D56B52B28FF4B005ADF04 /* SwiftUIExamplesApp.swift in Sources */ = {isa = PBXBuildFile; fileRef = 8B4D56B42B28FF4B005ADF04 /* SwiftUIExamplesApp.swift */; };
		8B4D56B72B28FF4B005ADF04 /* ContentView.swift in Sources */ = {isa = PBXBuildFile; fileRef = 8B4D56B62B28FF4B005ADF04 /* ContentView.swift */; };
		8B4D56B92B28FF4D005ADF04 /* Assets.xcassets in Resources */ = {isa = PBXBuildFile; fileRef = 8B4D56B82B28FF4D005ADF04 /* Assets.xcassets */; };
		8B4D56BC2B28FF4D005ADF04 /* Preview Assets.xcassets in Resources */ = {isa = PBXBuildFile; fileRef = 8B4D56BB2B28FF4D005ADF04 /* Preview Assets.xcassets */; };
		8B4D56C32B28FF94005ADF04 /* TextBootcamp.swift in Sources */ = {isa = PBXBuildFile; fileRef = 8B4D56C22B28FF94005ADF04 /* TextBootcamp.swift */; };
		8B4D56C52B2909EE005ADF04 /* ShapesBootcamp.swift in Sources */ = {isa = PBXBuildFile; fileRef = 8B4D56C42B2909EE005ADF04 /* ShapesBootcamp.swift */; };
		8B4D56C72B2914A6005ADF04 /* ColorsBootcamp.swift in Sources */ = {isa = PBXBuildFile; fileRef = 8B4D56C62B2914A6005ADF04 /* ColorsBootcamp.swift */; };
		8B54910D2B4614CE002DCD26 /* ObservedStateObjectBootcamp.swift in Sources */ = {isa = PBXBuildFile; fileRef = 8B54910C2B4614CE002DCD26 /* ObservedStateObjectBootcamp.swift */; };
		8B54910F2B463382002DCD26 /* EnvironmentObjectBootcamp.swift in Sources */ = {isa = PBXBuildFile; fileRef = 8B54910E2B463382002DCD26 /* EnvironmentObjectBootcamp.swift */; };
		8B616DF02B38C920007CAF55 /* ContextMenuBootCamp.swift in Sources */ = {isa = PBXBuildFile; fileRef = 8B616DEF2B38C920007CAF55 /* ContextMenuBootCamp.swift */; };
		8B616DF22B38CE16007CAF55 /* TextFieldBootcamp.swift in Sources */ = {isa = PBXBuildFile; fileRef = 8B616DF12B38CE16007CAF55 /* TextFieldBootcamp.swift */; };
		8B6530AD2B5826DC00D6EDAB /* TextSelectionBootcamp.swift in Sources */ = {isa = PBXBuildFile; fileRef = 8B6530AC2B5826DC00D6EDAB /* TextSelectionBootcamp.swift */; };
		8B6530AF2B582D3300D6EDAB /* ButtonStyleBootcamp.swift in Sources */ = {isa = PBXBuildFile; fileRef = 8B6530AE2B582D3300D6EDAB /* ButtonStyleBootcamp.swift */; };
		8B6530B12B58317C00D6EDAB /* SwipeActionBootcamp.swift in Sources */ = {isa = PBXBuildFile; fileRef = 8B6530B02B58317C00D6EDAB /* SwipeActionBootcamp.swift */; };
		8B699AAE2B3B95DB004B4BE8 /* SliderBootcamp.swift in Sources */ = {isa = PBXBuildFile; fileRef = 8B699AAD2B3B95DB004B4BE8 /* SliderBootcamp.swift */; };
		8B699AB02B3B9DEC004B4BE8 /* TabViewBootcamp.swift in Sources */ = {isa = PBXBuildFile; fileRef = 8B699AAF2B3B9DEC004B4BE8 /* TabViewBootcamp.swift */; };
		8B945AD52B2DBE07003EC6D2 /* TernaryBootcamp.swift in Sources */ = {isa = PBXBuildFile; fileRef = 8B945AD42B2DBE07003EC6D2 /* TernaryBootcamp.swift */; };
		8B945AD72B2DC083003EC6D2 /* AnimationBootcamp.swift in Sources */ = {isa = PBXBuildFile; fileRef = 8B945AD62B2DC083003EC6D2 /* AnimationBootcamp.swift */; };
		8BA688552B4EABEB00E2C2AD /* AppStorageBootcamp.swift in Sources */ = {isa = PBXBuildFile; fileRef = 8BA688542B4EABEB00E2C2AD /* AppStorageBootcamp.swift */; };
		8BB3BCC22B2DECF2007B3D54 /* AnimationTimingBootcamp.swift in Sources */ = {isa = PBXBuildFile; fileRef = 8BB3BCC12B2DECF2007B3D54 /* AnimationTimingBootcamp.swift */; };
		8BB45BE12B32315400053ACD /* PopOverBootcamp.swift in Sources */ = {isa = PBXBuildFile; fileRef = 8BB45BE02B32315400053ACD /* PopOverBootcamp.swift */; };
		8BBAB03E2B2C7AF0009242F0 /* StateBootcamp.swift in Sources */ = {isa = PBXBuildFile; fileRef = 8BBAB03D2B2C7AF0009242F0 /* StateBootcamp.swift */; };
		8BBAB0402B2C7FC1009242F0 /* ExtraFunctionBootcamp.swift in Sources */ = {isa = PBXBuildFile; fileRef = 8BBAB03F2B2C7FC1009242F0 /* ExtraFunctionBootcamp.swift */; };
		8BC4BC372B570FCD00D93058 /* AsyncImageBootcamp.swift in Sources */ = {isa = PBXBuildFile; fileRef = 8BC4BC362B570FCD00D93058 /* AsyncImageBootcamp.swift */; };
		8BD3D28F2B3A0F4E00DCE6DF /* TextEditorBootcamp.swift in Sources */ = {isa = PBXBuildFile; fileRef = 8BD3D28E2B3A0F4E00DCE6DF /* TextEditorBootcamp.swift */; };
		8BD3D2912B3A157800DCE6DF /* ToggleBootcamp.swift in Sources */ = {isa = PBXBuildFile; fileRef = 8BD3D2902B3A157800DCE6DF /* ToggleBootcamp.swift */; };
		8BD3D2932B3A1D7C00DCE6DF /* PickerBootcamp.swift in Sources */ = {isa = PBXBuildFile; fileRef = 8BD3D2922B3A1D7C00DCE6DF /* PickerBootcamp.swift */; };
		8BD3D2952B3A24C600DCE6DF /* ColorPickerBootcamp.swift in Sources */ = {isa = PBXBuildFile; fileRef = 8BD3D2942B3A24C600DCE6DF /* ColorPickerBootcamp.swift */; };
		8BD57C1F2B3B0FD600CCF5A7 /* DataPickerBootcamp.swift in Sources */ = {isa = PBXBuildFile; fileRef = 8BD57C1E2B3B0FD600CCF5A7 /* DataPickerBootcamp.swift */; };
		8BD57C212B3B178C00CCF5A7 /* StepperBootcamp.swift in Sources */ = {isa = PBXBuildFile; fileRef = 8BD57C202B3B178C00CCF5A7 /* StepperBootcamp.swift */; };
		8BD74E912B34549300110605 /* NavigationViewBootcamp.swift in Sources */ = {isa = PBXBuildFile; fileRef = 8BD74E902B34549200110605 /* NavigationViewBootcamp.swift */; };
		8BD74E932B346D4A00110605 /* ListBootcamp.swift in Sources */ = {isa = PBXBuildFile; fileRef = 8BD74E922B346D4A00110605 /* ListBootcamp.swift */; };
		8BF23DDC2B2C457C00BDEC83 /* SafeAreaBootcamp.swift in Sources */ = {isa = PBXBuildFile; fileRef = 8BF23DDB2B2C457C00BDEC83 /* SafeAreaBootcamp.swift */; };
		8BF23DDE2B2C4BF500BDEC83 /* ButtonsBootcamp.swift in Sources */ = {isa = PBXBuildFile; fileRef = 8BF23DDD2B2C4BF500BDEC83 /* ButtonsBootcamp.swift */; };
		8BF867A92B2BAB1000F5B05B /* StacksBootcamp.swift in Sources */ = {isa = PBXBuildFile; fileRef = 8BF867A82B2BAB1000F5B05B /* StacksBootcamp.swift */; };
		8BF867AB2B2BAF9D00F5B05B /* PaddingAndSpacerBootcamp.swift in Sources */ = {isa = PBXBuildFile; fileRef = 8BF867AA2B2BAF9D00F5B05B /* PaddingAndSpacerBootcamp.swift */; };
		8BF867AD2B2BB52600F5B05B /* SpacerBootcamp.swift in Sources */ = {isa = PBXBuildFile; fileRef = 8BF867AC2B2BB52600F5B05B /* SpacerBootcamp.swift */; };
		8BF867AF2B2BBCD900F5B05B /* ForEachBootcamp.swift in Sources */ = {isa = PBXBuildFile; fileRef = 8BF867AE2B2BBCD900F5B05B /* ForEachBootcamp.swift */; };
		8BF867B12B2BC4C700F5B05B /* ScrollBootcamp.swift in Sources */ = {isa = PBXBuildFile; fileRef = 8BF867B02B2BC4C700F5B05B /* ScrollBootcamp.swift */; };
		8BF867B32B2BCDB800F5B05B /* GridsBootcamp.swift in Sources */ = {isa = PBXBuildFile; fileRef = 8BF867B22B2BCDB800F5B05B /* GridsBootcamp.swift */; };
		8BFE92B32B2D137700D35B0F /* BindingBootcamp.swift in Sources */ = {isa = PBXBuildFile; fileRef = 8BFE92B22B2D137700D35B0F /* BindingBootcamp.swift */; };
/* End PBXBuildFile section */

/* Begin PBXFileReference section */
		8B009EA72B35E45000D3ACFB /* AlertBootcamp.swift */ = {isa = PBXFileReference; lastKnownFileType = sourcecode.swift; path = AlertBootcamp.swift; sourceTree = "<group>"; };
		8B009EA92B35EDD500D3ACFB /* ActionSheetBootcamp.swift */ = {isa = PBXFileReference; lastKnownFileType = sourcecode.swift; path = ActionSheetBootcamp.swift; sourceTree = "<group>"; };
		8B0A01822B44B70D00F3D1B4 /* TapGestureBootcamp.swift */ = {isa = PBXFileReference; lastKnownFileType = sourcecode.swift; path = TapGestureBootcamp.swift; sourceTree = "<group>"; };
		8B33ABDD2B2E3B20008F10D5 /* TransitionBootcamp.swift */ = {isa = PBXFileReference; lastKnownFileType = sourcecode.swift; path = TransitionBootcamp.swift; sourceTree = "<group>"; };
		8B33ABDF2B2E4509008F10D5 /* PopupBootcamp.swift */ = {isa = PBXFileReference; lastKnownFileType = sourcecode.swift; path = PopupBootcamp.swift; sourceTree = "<group>"; };
		8B39054B2B2A4CF700D1FB4F /* GradientsBootcamp.swift */ = {isa = PBXFileReference; lastKnownFileType = sourcecode.swift; path = GradientsBootcamp.swift; sourceTree = "<group>"; };
		8B39054D2B2A51CC00D1FB4F /* IconsBootcamp.swift */ = {isa = PBXFileReference; lastKnownFileType = sourcecode.swift; path = IconsBootcamp.swift; sourceTree = "<group>"; };
		8B39054F2B2A550700D1FB4F /* ImageBootcamp.swift */ = {isa = PBXFileReference; lastKnownFileType = sourcecode.swift; path = ImageBootcamp.swift; sourceTree = "<group>"; };
		8B3905512B2A5C9600D1FB4F /* FrameBootcamp.swift */ = {isa = PBXFileReference; lastKnownFileType = sourcecode.swift; path = FrameBootcamp.swift; sourceTree = "<group>"; };
		8B3905532B2A606200D1FB4F /* BackgroundAndOverlaysBootcamp.swift */ = {isa = PBXFileReference; lastKnownFileType = sourcecode.swift; path = BackgroundAndOverlaysBootcamp.swift; sourceTree = "<group>"; };
		8B421F6F2B3C5D7C00DD310F /* DocumentationBootcamp.swift */ = {isa = PBXFileReference; lastKnownFileType = sourcecode.swift; path = DocumentationBootcamp.swift; sourceTree = "<group>"; };
		8B421F712B3C650D00DD310F /* OnAppearBootcamp.swift */ = {isa = PBXFileReference; lastKnownFileType = sourcecode.swift; path = OnAppearBootcamp.swift; sourceTree = "<group>"; };
		8B44B5BC2B2DB9AF001B6D91 /* ConditionalBootcamp.swift */ = {isa = PBXFileReference; lastKnownFileType = sourcecode.swift; path = ConditionalBootcamp.swift; sourceTree = "<group>"; };
		8B4D56B12B28FF4B005ADF04 /* SwiftUIExamples.app */ = {isa = PBXFileReference; explicitFileType = wrapper.application; includeInIndex = 0; path = SwiftUIExamples.app; sourceTree = BUILT_PRODUCTS_DIR; };
		8B4D56B42B28FF4B005ADF04 /* SwiftUIExamplesApp.swift */ = {isa = PBXFileReference; lastKnownFileType = sourcecode.swift; path = SwiftUIExamplesApp.swift; sourceTree = "<group>"; };
		8B4D56B62B28FF4B005ADF04 /* ContentView.swift */ = {isa = PBXFileReference; lastKnownFileType = sourcecode.swift; path = ContentView.swift; sourceTree = "<group>"; };
		8B4D56B82B28FF4D005ADF04 /* Assets.xcassets */ = {isa = PBXFileReference; lastKnownFileType = folder.assetcatalog; path = Assets.xcassets; sourceTree = "<group>"; };
		8B4D56BB2B28FF4D005ADF04 /* Preview Assets.xcassets */ = {isa = PBXFileReference; lastKnownFileType = folder.assetcatalog; path = "Preview Assets.xcassets"; sourceTree = "<group>"; };
		8B4D56C22B28FF94005ADF04 /* TextBootcamp.swift */ = {isa = PBXFileReference; lastKnownFileType = sourcecode.swift; path = TextBootcamp.swift; sourceTree = "<group>"; };
		8B4D56C42B2909EE005ADF04 /* ShapesBootcamp.swift */ = {isa = PBXFileReference; lastKnownFileType = sourcecode.swift; path = ShapesBootcamp.swift; sourceTree = "<group>"; };
		8B4D56C62B2914A6005ADF04 /* ColorsBootcamp.swift */ = {isa = PBXFileReference; lastKnownFileType = sourcecode.swift; path = ColorsBootcamp.swift; sourceTree = "<group>"; };
		8B54910C2B4614CE002DCD26 /* ObservedStateObjectBootcamp.swift */ = {isa = PBXFileReference; lastKnownFileType = sourcecode.swift; path = ObservedStateObjectBootcamp.swift; sourceTree = "<group>"; };
		8B54910E2B463382002DCD26 /* EnvironmentObjectBootcamp.swift */ = {isa = PBXFileReference; lastKnownFileType = sourcecode.swift; path = EnvironmentObjectBootcamp.swift; sourceTree = "<group>"; };
		8B616DEF2B38C920007CAF55 /* ContextMenuBootCamp.swift */ = {isa = PBXFileReference; lastKnownFileType = sourcecode.swift; path = ContextMenuBootCamp.swift; sourceTree = "<group>"; };
		8B616DF12B38CE16007CAF55 /* TextFieldBootcamp.swift */ = {isa = PBXFileReference; lastKnownFileType = sourcecode.swift; path = TextFieldBootcamp.swift; sourceTree = "<group>"; };
		8B6530AC2B5826DC00D6EDAB /* TextSelectionBootcamp.swift */ = {isa = PBXFileReference; lastKnownFileType = sourcecode.swift; path = TextSelectionBootcamp.swift; sourceTree = "<group>"; };
		8B6530AE2B582D3300D6EDAB /* ButtonStyleBootcamp.swift */ = {isa = PBXFileReference; lastKnownFileType = sourcecode.swift; path = ButtonStyleBootcamp.swift; sourceTree = "<group>"; };
		8B6530B02B58317C00D6EDAB /* SwipeActionBootcamp.swift */ = {isa = PBXFileReference; lastKnownFileType = sourcecode.swift; path = SwipeActionBootcamp.swift; sourceTree = "<group>"; };
		8B699AAD2B3B95DB004B4BE8 /* SliderBootcamp.swift */ = {isa = PBXFileReference; lastKnownFileType = sourcecode.swift; path = SliderBootcamp.swift; sourceTree = "<group>"; };
		8B699AAF2B3B9DEC004B4BE8 /* TabViewBootcamp.swift */ = {isa = PBXFileReference; lastKnownFileType = sourcecode.swift; path = TabViewBootcamp.swift; sourceTree = "<group>"; };
		8B945AD42B2DBE07003EC6D2 /* TernaryBootcamp.swift */ = {isa = PBXFileReference; lastKnownFileType = sourcecode.swift; path = TernaryBootcamp.swift; sourceTree = "<group>"; };
		8B945AD62B2DC083003EC6D2 /* AnimationBootcamp.swift */ = {isa = PBXFileReference; lastKnownFileType = sourcecode.swift; path = AnimationBootcamp.swift; sourceTree = "<group>"; };
		8BA688542B4EABEB00E2C2AD /* AppStorageBootcamp.swift */ = {isa = PBXFileReference; lastKnownFileType = sourcecode.swift; path = AppStorageBootcamp.swift; sourceTree = "<group>"; };
		8BB3BCC12B2DECF2007B3D54 /* AnimationTimingBootcamp.swift */ = {isa = PBXFileReference; lastKnownFileType = sourcecode.swift; path = AnimationTimingBootcamp.swift; sourceTree = "<group>"; };
		8BB45BE02B32315400053ACD /* PopOverBootcamp.swift */ = {isa = PBXFileReference; lastKnownFileType = sourcecode.swift; path = PopOverBootcamp.swift; sourceTree = "<group>"; };
		8BBAB03D2B2C7AF0009242F0 /* StateBootcamp.swift */ = {isa = PBXFileReference; lastKnownFileType = sourcecode.swift; path = StateBootcamp.swift; sourceTree = "<group>"; };
		8BBAB03F2B2C7FC1009242F0 /* ExtraFunctionBootcamp.swift */ = {isa = PBXFileReference; lastKnownFileType = sourcecode.swift; path = ExtraFunctionBootcamp.swift; sourceTree = "<group>"; };
		8BC4BC362B570FCD00D93058 /* AsyncImageBootcamp.swift */ = {isa = PBXFileReference; lastKnownFileType = sourcecode.swift; path = AsyncImageBootcamp.swift; sourceTree = "<group>"; };
		8BD3D28E2B3A0F4E00DCE6DF /* TextEditorBootcamp.swift */ = {isa = PBXFileReference; lastKnownFileType = sourcecode.swift; path = TextEditorBootcamp.swift; sourceTree = "<group>"; };
		8BD3D2902B3A157800DCE6DF /* ToggleBootcamp.swift */ = {isa = PBXFileReference; lastKnownFileType = sourcecode.swift; path = ToggleBootcamp.swift; sourceTree = "<group>"; };
		8BD3D2922B3A1D7C00DCE6DF /* PickerBootcamp.swift */ = {isa = PBXFileReference; lastKnownFileType = sourcecode.swift; path = PickerBootcamp.swift; sourceTree = "<group>"; };
		8BD3D2942B3A24C600DCE6DF /* ColorPickerBootcamp.swift */ = {isa = PBXFileReference; lastKnownFileType = sourcecode.swift; path = ColorPickerBootcamp.swift; sourceTree = "<group>"; };
		8BD57C1E2B3B0FD600CCF5A7 /* DataPickerBootcamp.swift */ = {isa = PBXFileReference; lastKnownFileType = sourcecode.swift; path = DataPickerBootcamp.swift; sourceTree = "<group>"; };
		8BD57C202B3B178C00CCF5A7 /* StepperBootcamp.swift */ = {isa = PBXFileReference; lastKnownFileType = sourcecode.swift; path = StepperBootcamp.swift; sourceTree = "<group>"; };
		8BD74E902B34549200110605 /* NavigationViewBootcamp.swift */ = {isa = PBXFileReference; lastKnownFileType = sourcecode.swift; path = NavigationViewBootcamp.swift; sourceTree = "<group>"; };
		8BD74E922B346D4A00110605 /* ListBootcamp.swift */ = {isa = PBXFileReference; lastKnownFileType = sourcecode.swift; path = ListBootcamp.swift; sourceTree = "<group>"; };
		8BF23DDB2B2C457C00BDEC83 /* SafeAreaBootcamp.swift */ = {isa = PBXFileReference; lastKnownFileType = sourcecode.swift; path = SafeAreaBootcamp.swift; sourceTree = "<group>"; };
		8BF23DDD2B2C4BF500BDEC83 /* ButtonsBootcamp.swift */ = {isa = PBXFileReference; lastKnownFileType = sourcecode.swift; path = ButtonsBootcamp.swift; sourceTree = "<group>"; };
		8BF867A82B2BAB1000F5B05B /* StacksBootcamp.swift */ = {isa = PBXFileReference; lastKnownFileType = sourcecode.swift; path = StacksBootcamp.swift; sourceTree = "<group>"; };
		8BF867AA2B2BAF9D00F5B05B /* PaddingAndSpacerBootcamp.swift */ = {isa = PBXFileReference; lastKnownFileType = sourcecode.swift; path = PaddingAndSpacerBootcamp.swift; sourceTree = "<group>"; };
		8BF867AC2B2BB52600F5B05B /* SpacerBootcamp.swift */ = {isa = PBXFileReference; lastKnownFileType = sourcecode.swift; path = SpacerBootcamp.swift; sourceTree = "<group>"; };
		8BF867AE2B2BBCD900F5B05B /* ForEachBootcamp.swift */ = {isa = PBXFileReference; lastKnownFileType = sourcecode.swift; path = ForEachBootcamp.swift; sourceTree = "<group>"; };
		8BF867B02B2BC4C700F5B05B /* ScrollBootcamp.swift */ = {isa = PBXFileReference; lastKnownFileType = sourcecode.swift; path = ScrollBootcamp.swift; sourceTree = "<group>"; };
		8BF867B22B2BCDB800F5B05B /* GridsBootcamp.swift */ = {isa = PBXFileReference; lastKnownFileType = sourcecode.swift; path = GridsBootcamp.swift; sourceTree = "<group>"; };
		8BFE92B22B2D137700D35B0F /* BindingBootcamp.swift */ = {isa = PBXFileReference; lastKnownFileType = sourcecode.swift; path = BindingBootcamp.swift; sourceTree = "<group>"; };
/* End PBXFileReference section */

/* Begin PBXFrameworksBuildPhase section */
		8B4D56AE2B28FF4B005ADF04 /* Frameworks */ = {
			isa = PBXFrameworksBuildPhase;
			buildActionMask = 2147483647;
			files = (
			);
			runOnlyForDeploymentPostprocessing = 0;
		};
/* End PBXFrameworksBuildPhase section */

/* Begin PBXGroup section */
		8B4D56A82B28FF4B005ADF04 = {
			isa = PBXGroup;
			children = (
				8B4D56B32B28FF4B005ADF04 /* SwiftUIExamples */,
				8B4D56B22B28FF4B005ADF04 /* Products */,
			);
			sourceTree = "<group>";
		};
		8B4D56B22B28FF4B005ADF04 /* Products */ = {
			isa = PBXGroup;
			children = (
				8B4D56B12B28FF4B005ADF04 /* SwiftUIExamples.app */,
			);
			name = Products;
			sourceTree = "<group>";
		};
		8B4D56B32B28FF4B005ADF04 /* SwiftUIExamples */ = {
			isa = PBXGroup;
			children = (
				8B4D56B42B28FF4B005ADF04 /* SwiftUIExamplesApp.swift */,
				8B4D56B62B28FF4B005ADF04 /* ContentView.swift */,
				8B4D56C22B28FF94005ADF04 /* TextBootcamp.swift */,
				8B4D56C42B2909EE005ADF04 /* ShapesBootcamp.swift */,
				8B4D56C62B2914A6005ADF04 /* ColorsBootcamp.swift */,
				8B39054B2B2A4CF700D1FB4F /* GradientsBootcamp.swift */,
				8B39054D2B2A51CC00D1FB4F /* IconsBootcamp.swift */,
				8B39054F2B2A550700D1FB4F /* ImageBootcamp.swift */,
				8B3905512B2A5C9600D1FB4F /* FrameBootcamp.swift */,
				8B3905532B2A606200D1FB4F /* BackgroundAndOverlaysBootcamp.swift */,
				8BF867A82B2BAB1000F5B05B /* StacksBootcamp.swift */,
				8BF867AA2B2BAF9D00F5B05B /* PaddingAndSpacerBootcamp.swift */,
				8BF867AC2B2BB52600F5B05B /* SpacerBootcamp.swift */,
				8BF867AE2B2BBCD900F5B05B /* ForEachBootcamp.swift */,
				8BF867B02B2BC4C700F5B05B /* ScrollBootcamp.swift */,
				8BF867B22B2BCDB800F5B05B /* GridsBootcamp.swift */,
				8BF23DDB2B2C457C00BDEC83 /* SafeAreaBootcamp.swift */,
				8BF23DDD2B2C4BF500BDEC83 /* ButtonsBootcamp.swift */,
				8BBAB03D2B2C7AF0009242F0 /* StateBootcamp.swift */,
				8BBAB03F2B2C7FC1009242F0 /* ExtraFunctionBootcamp.swift */,
				8BFE92B22B2D137700D35B0F /* BindingBootcamp.swift */,
				8B44B5BC2B2DB9AF001B6D91 /* ConditionalBootcamp.swift */,
				8B945AD42B2DBE07003EC6D2 /* TernaryBootcamp.swift */,
				8B945AD62B2DC083003EC6D2 /* AnimationBootcamp.swift */,
				8BB3BCC12B2DECF2007B3D54 /* AnimationTimingBootcamp.swift */,
				8B33ABDD2B2E3B20008F10D5 /* TransitionBootcamp.swift */,
				8B33ABDF2B2E4509008F10D5 /* PopupBootcamp.swift */,
				8BB45BE02B32315400053ACD /* PopOverBootcamp.swift */,
				8BD74E902B34549200110605 /* NavigationViewBootcamp.swift */,
				8BD74E922B346D4A00110605 /* ListBootcamp.swift */,
				8B009EA72B35E45000D3ACFB /* AlertBootcamp.swift */,
				8B009EA92B35EDD500D3ACFB /* ActionSheetBootcamp.swift */,
				8B616DEF2B38C920007CAF55 /* ContextMenuBootCamp.swift */,
				8B616DF12B38CE16007CAF55 /* TextFieldBootcamp.swift */,
				8BD3D28E2B3A0F4E00DCE6DF /* TextEditorBootcamp.swift */,
				8BD57C1E2B3B0FD600CCF5A7 /* DataPickerBootcamp.swift */,
				8BD3D2902B3A157800DCE6DF /* ToggleBootcamp.swift */,
				8BD3D2922B3A1D7C00DCE6DF /* PickerBootcamp.swift */,
				8BD3D2942B3A24C600DCE6DF /* ColorPickerBootcamp.swift */,
				8BD57C202B3B178C00CCF5A7 /* StepperBootcamp.swift */,
				8B699AAD2B3B95DB004B4BE8 /* SliderBootcamp.swift */,
				8B699AAF2B3B9DEC004B4BE8 /* TabViewBootcamp.swift */,
				8B421F6F2B3C5D7C00DD310F /* DocumentationBootcamp.swift */,
				8B421F712B3C650D00DD310F /* OnAppearBootcamp.swift */,
				8B0A01822B44B70D00F3D1B4 /* TapGestureBootcamp.swift */,
				8B54910C2B4614CE002DCD26 /* ObservedStateObjectBootcamp.swift */,
				8B54910E2B463382002DCD26 /* EnvironmentObjectBootcamp.swift */,
				8BA688542B4EABEB00E2C2AD /* AppStorageBootcamp.swift */,
				8BC4BC362B570FCD00D93058 /* AsyncImageBootcamp.swift */,
				8B6530AC2B5826DC00D6EDAB /* TextSelectionBootcamp.swift */,
				8B6530AE2B582D3300D6EDAB /* ButtonStyleBootcamp.swift */,
				8B6530B02B58317C00D6EDAB /* SwipeActionBootcamp.swift */,
				8B4D56B82B28FF4D005ADF04 /* Assets.xcassets */,
				8B4D56BA2B28FF4D005ADF04 /* Preview Content */,
			);
			path = SwiftUIExamples;
			sourceTree = "<group>";
		};
		8B4D56BA2B28FF4D005ADF04 /* Preview Content */ = {
			isa = PBXGroup;
			children = (
				8B4D56BB2B28FF4D005ADF04 /* Preview Assets.xcassets */,
			);
			path = "Preview Content";
			sourceTree = "<group>";
		};
/* End PBXGroup section */

/* Begin PBXNativeTarget section */
		8B4D56B02B28FF4B005ADF04 /* SwiftUIExamples */ = {
			isa = PBXNativeTarget;
			buildConfigurationList = 8B4D56BF2B28FF4D005ADF04 /* Build configuration list for PBXNativeTarget "SwiftUIExamples" */;
			buildPhases = (
				8B4D56AD2B28FF4B005ADF04 /* Sources */,
				8B4D56AE2B28FF4B005ADF04 /* Frameworks */,
				8B4D56AF2B28FF4B005ADF04 /* Resources */,
			);
			buildRules = (
			);
			dependencies = (
			);
			name = SwiftUIExamples;
			productName = SwiftUIExamples;
			productReference = 8B4D56B12B28FF4B005ADF04 /* SwiftUIExamples.app */;
			productType = "com.apple.product-type.application";
		};
/* End PBXNativeTarget section */

/* Begin PBXProject section */
		8B4D56A92B28FF4B005ADF04 /* Project object */ = {
			isa = PBXProject;
			attributes = {
				BuildIndependentTargetsInParallel = 1;
				LastSwiftUpdateCheck = 1500;
				LastUpgradeCheck = 1500;
				TargetAttributes = {
					8B4D56B02B28FF4B005ADF04 = {
						CreatedOnToolsVersion = 15.0.1;
					};
				};
			};
			buildConfigurationList = 8B4D56AC2B28FF4B005ADF04 /* Build configuration list for PBXProject "SwiftUIExamples" */;
			compatibilityVersion = "Xcode 14.0";
			developmentRegion = en;
			hasScannedForEncodings = 0;
			knownRegions = (
				en,
				Base,
			);
			mainGroup = 8B4D56A82B28FF4B005ADF04;
			productRefGroup = 8B4D56B22B28FF4B005ADF04 /* Products */;
			projectDirPath = "";
			projectRoot = "";
			targets = (
				8B4D56B02B28FF4B005ADF04 /* SwiftUIExamples */,
			);
		};
/* End PBXProject section */

/* Begin PBXResourcesBuildPhase section */
		8B4D56AF2B28FF4B005ADF04 /* Resources */ = {
			isa = PBXResourcesBuildPhase;
			buildActionMask = 2147483647;
			files = (
				8B4D56BC2B28FF4D005ADF04 /* Preview Assets.xcassets in Resources */,
				8B4D56B92B28FF4D005ADF04 /* Assets.xcassets in Resources */,
			);
			runOnlyForDeploymentPostprocessing = 0;
		};
/* End PBXResourcesBuildPhase section */

/* Begin PBXSourcesBuildPhase section */
		8B4D56AD2B28FF4B005ADF04 /* Sources */ = {
			isa = PBXSourcesBuildPhase;
			buildActionMask = 2147483647;
			files = (
				8B421F722B3C650D00DD310F /* OnAppearBootcamp.swift in Sources */,
				8B009EAA2B35EDD500D3ACFB /* ActionSheetBootcamp.swift in Sources */,
				8BB45BE12B32315400053ACD /* PopOverBootcamp.swift in Sources */,
				8B39054C2B2A4CF700D1FB4F /* GradientsBootcamp.swift in Sources */,
				8BFE92B32B2D137700D35B0F /* BindingBootcamp.swift in Sources */,
				8B3905542B2A606200D1FB4F /* BackgroundAndOverlaysBootcamp.swift in Sources */,
				8B33ABDE2B2E3B20008F10D5 /* TransitionBootcamp.swift in Sources */,
				8BD3D2912B3A157800DCE6DF /* ToggleBootcamp.swift in Sources */,
				8BF867AB2B2BAF9D00F5B05B /* PaddingAndSpacerBootcamp.swift in Sources */,
				8B4D56C72B2914A6005ADF04 /* ColorsBootcamp.swift in Sources */,
				8BD57C1F2B3B0FD600CCF5A7 /* DataPickerBootcamp.swift in Sources */,
				8B3905522B2A5C9600D1FB4F /* FrameBootcamp.swift in Sources */,
				8BBAB0402B2C7FC1009242F0 /* ExtraFunctionBootcamp.swift in Sources */,
				8B4D56C52B2909EE005ADF04 /* ShapesBootcamp.swift in Sources */,
				8BA688552B4EABEB00E2C2AD /* AppStorageBootcamp.swift in Sources */,
				8B6530AF2B582D3300D6EDAB /* ButtonStyleBootcamp.swift in Sources */,
				8BBAB03E2B2C7AF0009242F0 /* StateBootcamp.swift in Sources */,
				8B009EA82B35E45000D3ACFB /* AlertBootcamp.swift in Sources */,
				8B4D56B72B28FF4B005ADF04 /* ContentView.swift in Sources */,
				8B4D56C32B28FF94005ADF04 /* TextBootcamp.swift in Sources */,
				8BF23DDE2B2C4BF500BDEC83 /* ButtonsBootcamp.swift in Sources */,
				8BF23DDC2B2C457C00BDEC83 /* SafeAreaBootcamp.swift in Sources */,
				8B699AB02B3B9DEC004B4BE8 /* TabViewBootcamp.swift in Sources */,
				8BF867B12B2BC4C700F5B05B /* ScrollBootcamp.swift in Sources */,
				8B54910F2B463382002DCD26 /* EnvironmentObjectBootcamp.swift in Sources */,
				8B616DF22B38CE16007CAF55 /* TextFieldBootcamp.swift in Sources */,
				8B616DF02B38C920007CAF55 /* ContextMenuBootCamp.swift in Sources */,
				8BD74E912B34549300110605 /* NavigationViewBootcamp.swift in Sources */,
				8BD3D2932B3A1D7C00DCE6DF /* PickerBootcamp.swift in Sources */,
				8B0A01832B44B70D00F3D1B4 /* TapGestureBootcamp.swift in Sources */,
				8B54910D2B4614CE002DCD26 /* ObservedStateObjectBootcamp.swift in Sources */,
				8B4D56B52B28FF4B005ADF04 /* SwiftUIExamplesApp.swift in Sources */,
				8BF867A92B2BAB1000F5B05B /* StacksBootcamp.swift in Sources */,
				8BF867AD2B2BB52600F5B05B /* SpacerBootcamp.swift in Sources */,
				8B421F702B3C5D7C00DD310F /* DocumentationBootcamp.swift in Sources */,
				8BD74E932B346D4A00110605 /* ListBootcamp.swift in Sources */,
				8B6530AD2B5826DC00D6EDAB /* TextSelectionBootcamp.swift in Sources */,
				8BF867B32B2BCDB800F5B05B /* GridsBootcamp.swift in Sources */,
				8BF867AF2B2BBCD900F5B05B /* ForEachBootcamp.swift in Sources */,
				8B44B5BD2B2DB9AF001B6D91 /* ConditionalBootcamp.swift in Sources */,
				8B699AAE2B3B95DB004B4BE8 /* SliderBootcamp.swift in Sources */,
				8B3905502B2A550700D1FB4F /* ImageBootcamp.swift in Sources */,
				8BD57C212B3B178C00CCF5A7 /* StepperBootcamp.swift in Sources */,
				8B945AD52B2DBE07003EC6D2 /* TernaryBootcamp.swift in Sources */,
				8B33ABE02B2E4509008F10D5 /* PopupBootcamp.swift in Sources */,
				8B39054E2B2A51CC00D1FB4F /* IconsBootcamp.swift in Sources */,
				8BD3D2952B3A24C600DCE6DF /* ColorPickerBootcamp.swift in Sources */,
				8BC4BC372B570FCD00D93058 /* AsyncImageBootcamp.swift in Sources */,
				8BD3D28F2B3A0F4E00DCE6DF /* TextEditorBootcamp.swift in Sources */,
				8BB3BCC22B2DECF2007B3D54 /* AnimationTimingBootcamp.swift in Sources */,
				8B945AD72B2DC083003EC6D2 /* AnimationBootcamp.swift in Sources */,
				8B6530B12B58317C00D6EDAB /* SwipeActionBootcamp.swift in Sources */,
			);
			runOnlyForDeploymentPostprocessing = 0;
		};
/* End PBXSourcesBuildPhase section */

/* Begin XCBuildConfiguration section */
		8B4D56BD2B28FF4D005ADF04 /* Debug */ = {
			isa = XCBuildConfiguration;
			buildSettings = {
				ALWAYS_SEARCH_USER_PATHS = NO;
				ASSETCATALOG_COMPILER_GENERATE_SWIFT_ASSET_SYMBOL_EXTENSIONS = YES;
				CLANG_ANALYZER_NONNULL = YES;
				CLANG_ANALYZER_NUMBER_OBJECT_CONVERSION = YES_AGGRESSIVE;
				CLANG_CXX_LANGUAGE_STANDARD = "gnu++20";
				CLANG_ENABLE_MODULES = YES;
				CLANG_ENABLE_OBJC_ARC = YES;
				CLANG_ENABLE_OBJC_WEAK = YES;
				CLANG_WARN_BLOCK_CAPTURE_AUTORELEASING = YES;
				CLANG_WARN_BOOL_CONVERSION = YES;
				CLANG_WARN_COMMA = YES;
				CLANG_WARN_CONSTANT_CONVERSION = YES;
				CLANG_WARN_DEPRECATED_OBJC_IMPLEMENTATIONS = YES;
				CLANG_WARN_DIRECT_OBJC_ISA_USAGE = YES_ERROR;
				CLANG_WARN_DOCUMENTATION_COMMENTS = YES;
				CLANG_WARN_EMPTY_BODY = YES;
				CLANG_WARN_ENUM_CONVERSION = YES;
				CLANG_WARN_INFINITE_RECURSION = YES;
				CLANG_WARN_INT_CONVERSION = YES;
				CLANG_WARN_NON_LITERAL_NULL_CONVERSION = YES;
				CLANG_WARN_OBJC_IMPLICIT_RETAIN_SELF = YES;
				CLANG_WARN_OBJC_LITERAL_CONVERSION = YES;
				CLANG_WARN_OBJC_ROOT_CLASS = YES_ERROR;
				CLANG_WARN_QUOTED_INCLUDE_IN_FRAMEWORK_HEADER = YES;
				CLANG_WARN_RANGE_LOOP_ANALYSIS = YES;
				CLANG_WARN_STRICT_PROTOTYPES = YES;
				CLANG_WARN_SUSPICIOUS_MOVE = YES;
				CLANG_WARN_UNGUARDED_AVAILABILITY = YES_AGGRESSIVE;
				CLANG_WARN_UNREACHABLE_CODE = YES;
				CLANG_WARN__DUPLICATE_METHOD_MATCH = YES;
				COPY_PHASE_STRIP = NO;
				DEBUG_INFORMATION_FORMAT = dwarf;
				ENABLE_STRICT_OBJC_MSGSEND = YES;
				ENABLE_TESTABILITY = YES;
				ENABLE_USER_SCRIPT_SANDBOXING = YES;
				GCC_C_LANGUAGE_STANDARD = gnu17;
				GCC_DYNAMIC_NO_PIC = NO;
				GCC_NO_COMMON_BLOCKS = YES;
				GCC_OPTIMIZATION_LEVEL = 0;
				GCC_PREPROCESSOR_DEFINITIONS = (
					"DEBUG=1",
					"$(inherited)",
				);
				GCC_WARN_64_TO_32_BIT_CONVERSION = YES;
				GCC_WARN_ABOUT_RETURN_TYPE = YES_ERROR;
				GCC_WARN_UNDECLARED_SELECTOR = YES;
				GCC_WARN_UNINITIALIZED_AUTOS = YES_AGGRESSIVE;
				GCC_WARN_UNUSED_FUNCTION = YES;
				GCC_WARN_UNUSED_VARIABLE = YES;
				IPHONEOS_DEPLOYMENT_TARGET = 17.0;
				LOCALIZATION_PREFERS_STRING_CATALOGS = YES;
				MTL_ENABLE_DEBUG_INFO = INCLUDE_SOURCE;
				MTL_FAST_MATH = YES;
				ONLY_ACTIVE_ARCH = YES;
				SDKROOT = iphoneos;
				SWIFT_ACTIVE_COMPILATION_CONDITIONS = "DEBUG $(inherited)";
				SWIFT_OPTIMIZATION_LEVEL = "-Onone";
			};
			name = Debug;
		};
		8B4D56BE2B28FF4D005ADF04 /* Release */ = {
			isa = XCBuildConfiguration;
			buildSettings = {
				ALWAYS_SEARCH_USER_PATHS = NO;
				ASSETCATALOG_COMPILER_GENERATE_SWIFT_ASSET_SYMBOL_EXTENSIONS = YES;
				CLANG_ANALYZER_NONNULL = YES;
				CLANG_ANALYZER_NUMBER_OBJECT_CONVERSION = YES_AGGRESSIVE;
				CLANG_CXX_LANGUAGE_STANDARD = "gnu++20";
				CLANG_ENABLE_MODULES = YES;
				CLANG_ENABLE_OBJC_ARC = YES;
				CLANG_ENABLE_OBJC_WEAK = YES;
				CLANG_WARN_BLOCK_CAPTURE_AUTORELEASING = YES;
				CLANG_WARN_BOOL_CONVERSION = YES;
				CLANG_WARN_COMMA = YES;
				CLANG_WARN_CONSTANT_CONVERSION = YES;
				CLANG_WARN_DEPRECATED_OBJC_IMPLEMENTATIONS = YES;
				CLANG_WARN_DIRECT_OBJC_ISA_USAGE = YES_ERROR;
				CLANG_WARN_DOCUMENTATION_COMMENTS = YES;
				CLANG_WARN_EMPTY_BODY = YES;
				CLANG_WARN_ENUM_CONVERSION = YES;
				CLANG_WARN_INFINITE_RECURSION = YES;
				CLANG_WARN_INT_CONVERSION = YES;
				CLANG_WARN_NON_LITERAL_NULL_CONVERSION = YES;
				CLANG_WARN_OBJC_IMPLICIT_RETAIN_SELF = YES;
				CLANG_WARN_OBJC_LITERAL_CONVERSION = YES;
				CLANG_WARN_OBJC_ROOT_CLASS = YES_ERROR;
				CLANG_WARN_QUOTED_INCLUDE_IN_FRAMEWORK_HEADER = YES;
				CLANG_WARN_RANGE_LOOP_ANALYSIS = YES;
				CLANG_WARN_STRICT_PROTOTYPES = YES;
				CLANG_WARN_SUSPICIOUS_MOVE = YES;
				CLANG_WARN_UNGUARDED_AVAILABILITY = YES_AGGRESSIVE;
				CLANG_WARN_UNREACHABLE_CODE = YES;
				CLANG_WARN__DUPLICATE_METHOD_MATCH = YES;
				COPY_PHASE_STRIP = NO;
				DEBUG_INFORMATION_FORMAT = "dwarf-with-dsym";
				ENABLE_NS_ASSERTIONS = NO;
				ENABLE_STRICT_OBJC_MSGSEND = YES;
				ENABLE_USER_SCRIPT_SANDBOXING = YES;
				GCC_C_LANGUAGE_STANDARD = gnu17;
				GCC_NO_COMMON_BLOCKS = YES;
				GCC_WARN_64_TO_32_BIT_CONVERSION = YES;
				GCC_WARN_ABOUT_RETURN_TYPE = YES_ERROR;
				GCC_WARN_UNDECLARED_SELECTOR = YES;
				GCC_WARN_UNINITIALIZED_AUTOS = YES_AGGRESSIVE;
				GCC_WARN_UNUSED_FUNCTION = YES;
				GCC_WARN_UNUSED_VARIABLE = YES;
				IPHONEOS_DEPLOYMENT_TARGET = 17.0;
				LOCALIZATION_PREFERS_STRING_CATALOGS = YES;
				MTL_ENABLE_DEBUG_INFO = NO;
				MTL_FAST_MATH = YES;
				SDKROOT = iphoneos;
				SWIFT_COMPILATION_MODE = wholemodule;
				VALIDATE_PRODUCT = YES;
			};
			name = Release;
		};
		8B4D56C02B28FF4D005ADF04 /* Debug */ = {
			isa = XCBuildConfiguration;
			buildSettings = {
				ASSETCATALOG_COMPILER_APPICON_NAME = AppIcon;
				ASSETCATALOG_COMPILER_GLOBAL_ACCENT_COLOR_NAME = AccentColor;
				CODE_SIGN_STYLE = Automatic;
				CURRENT_PROJECT_VERSION = 1;
				DEVELOPMENT_ASSET_PATHS = "\"SwiftUIExamples/Preview Content\"";
				DEVELOPMENT_TEAM = H46ZLUF9FB;
				ENABLE_PREVIEWS = YES;
				GENERATE_INFOPLIST_FILE = YES;
				INFOPLIST_KEY_UIApplicationSceneManifest_Generation = YES;
				INFOPLIST_KEY_UIApplicationSupportsIndirectInputEvents = YES;
				INFOPLIST_KEY_UILaunchScreen_Generation = YES;
				INFOPLIST_KEY_UISupportedInterfaceOrientations_iPad = "UIInterfaceOrientationPortrait UIInterfaceOrientationPortraitUpsideDown UIInterfaceOrientationLandscapeLeft UIInterfaceOrientationLandscapeRight";
				INFOPLIST_KEY_UISupportedInterfaceOrientations_iPhone = "UIInterfaceOrientationPortrait UIInterfaceOrientationLandscapeLeft UIInterfaceOrientationLandscapeRight";
				LD_RUNPATH_SEARCH_PATHS = (
					"$(inherited)",
					"@executable_path/Frameworks",
				);
				MARKETING_VERSION = 1.0;
				PRODUCT_BUNDLE_IDENTIFIER = com.osama.SwiftUIExamples;
				PRODUCT_NAME = "$(TARGET_NAME)";
				SWIFT_EMIT_LOC_STRINGS = YES;
				SWIFT_VERSION = 5.0;
				TARGETED_DEVICE_FAMILY = "1,2";
			};
			name = Debug;
		};
		8B4D56C12B28FF4D005ADF04 /* Release */ = {
			isa = XCBuildConfiguration;
			buildSettings = {
				ASSETCATALOG_COMPILER_APPICON_NAME = AppIcon;
				ASSETCATALOG_COMPILER_GLOBAL_ACCENT_COLOR_NAME = AccentColor;
				CODE_SIGN_STYLE = Automatic;
				CURRENT_PROJECT_VERSION = 1;
				DEVELOPMENT_ASSET_PATHS = "\"SwiftUIExamples/Preview Content\"";
				DEVELOPMENT_TEAM = H46ZLUF9FB;
				ENABLE_PREVIEWS = YES;
				GENERATE_INFOPLIST_FILE = YES;
				INFOPLIST_KEY_UIApplicationSceneManifest_Generation = YES;
				INFOPLIST_KEY_UIApplicationSupportsIndirectInputEvents = YES;
				INFOPLIST_KEY_UILaunchScreen_Generation = YES;
				INFOPLIST_KEY_UISupportedInterfaceOrientations_iPad = "UIInterfaceOrientationPortrait UIInterfaceOrientationPortraitUpsideDown UIInterfaceOrientationLandscapeLeft UIInterfaceOrientationLandscapeRight";
				INFOPLIST_KEY_UISupportedInterfaceOrientations_iPhone = "UIInterfaceOrientationPortrait UIInterfaceOrientationLandscapeLeft UIInterfaceOrientationLandscapeRight";
				LD_RUNPATH_SEARCH_PATHS = (
					"$(inherited)",
					"@executable_path/Frameworks",
				);
				MARKETING_VERSION = 1.0;
				PRODUCT_BUNDLE_IDENTIFIER = com.osama.SwiftUIExamples;
				PRODUCT_NAME = "$(TARGET_NAME)";
				SWIFT_EMIT_LOC_STRINGS = YES;
				SWIFT_VERSION = 5.0;
				TARGETED_DEVICE_FAMILY = "1,2";
			};
			name = Release;
		};
/* End XCBuildConfiguration section */

/* Begin XCConfigurationList section */
		8B4D56AC2B28FF4B005ADF04 /* Build configuration list for PBXProject "SwiftUIExamples" */ = {
			isa = XCConfigurationList;
			buildConfigurations = (
				8B4D56BD2B28FF4D005ADF04 /* Debug */,
				8B4D56BE2B28FF4D005ADF04 /* Release */,
			);
			defaultConfigurationIsVisible = 0;
			defaultConfigurationName = Release;
		};
		8B4D56BF2B28FF4D005ADF04 /* Build configuration list for PBXNativeTarget "SwiftUIExamples" */ = {
			isa = XCConfigurationList;
			buildConfigurations = (
				8B4D56C02B28FF4D005ADF04 /* Debug */,
				8B4D56C12B28FF4D005ADF04 /* Release */,
			);
			defaultConfigurationIsVisible = 0;
			defaultConfigurationName = Release;
		};
/* End XCConfigurationList section */
	};
	rootObject = 8B4D56A92B28FF4B005ADF04 /* Project object */;
}
